
Microsoft Visual Studio Solution File, Format Version 12.00
# Visual Studio Version 17
VisualStudioVersion = 17.2.32526.322
MinimumVisualStudioVersion = 10.0.40219.1
Project("{FAE04EC0-301F-11D3-BF4B-00C04F79EFBC}") = "Lesson7", "Arrays\Lesson7.csproj", "{5D3B7873-5E21-4DB6-94D2-A61815850638}"
EndProject
Global
	GlobalSection(SolutionConfigurationPlatforms) = preSolution
		Debug|Any CPU = Debug|Any CPU
		Release|Any CPU = Release|Any CPU
	EndGlobalSection
	GlobalSection(ProjectConfigurationPlatforms) = postSolution
		{5D3B7873-5E21-4DB6-94D2-A61815850638}.Debug|Any CPU.ActiveCfg = Debug|Any CPU
		{5D3B7873-5E21-4DB6-94D2-A61815850638}.Debug|Any CPU.Build.0 = Debug|Any CPU
		{5D3B7873-5E21-4DB6-94D2-A61815850638}.Release|Any CPU.ActiveCfg = Release|Any CPU
		{5D3B7873-5E21-4DB6-94D2-A61815850638}.Release|Any CPU.Build.0 = Release|Any CPU
	EndGlobalSection
	GlobalSection(SolutionProperties) = preSolution
		HideSolutionNode = FALSE
	EndGlobalSection
	GlobalSection(ExtensibilityGlobals) = postSolution
		SolutionGuid = {7A783634-333C-4881-B35F-C0EB3F1103A3}
	EndGlobalSection
EndGlobal
